
Microsoft Visual Studio Solution File, Format Version 12.00
# Visual Studio 15
VisualStudioVersion = 15.0.28307.168
MinimumVisualStudioVersion = 10.0.40219.1
Project("{FAE04EC0-301F-11D3-BF4B-00C04F79EFBC}") = "WarframeModder", "WarframeModder\WarframeModder.csproj", "{57A64386-773D-437F-A6F8-AB70356DDFAB}"
EndProject
Global
	GlobalSection(SolutionConfigurationPlatforms) = preSolution
		Debug|Any CPU = Debug|Any CPU
		Release|Any CPU = Release|Any CPU
	EndGlobalSection
	GlobalSection(ProjectConfigurationPlatforms) = postSolution
		{57A64386-773D-437F-A6F8-AB70356DDFAB}.Debug|Any CPU.ActiveCfg = Debug|Any CPU
		{57A64386-773D-437F-A6F8-AB70356DDFAB}.Debug|Any CPU.Build.0 = Debug|Any CPU
		{57A64386-773D-437F-A6F8-AB70356DDFAB}.Release|Any CPU.ActiveCfg = Release|Any CPU
		{57A64386-773D-437F-A6F8-AB70356DDFAB}.Release|Any CPU.Build.0 = Release|Any CPU
	EndGlobalSection
	GlobalSection(SolutionProperties) = preSolution
		HideSolutionNode = FALSE
	EndGlobalSection
	GlobalSection(ExtensibilityGlobals) = postSolution
		SolutionGuid = {0A5B8BC9-4D90-4344-96BA-350B2A98BF68}
	EndGlobalSection
EndGlobal
